<?xml version="1.0" encoding="utf-8"?>
<Project ToolsVersion="4.0" xmlns="http://schemas.microsoft.com/developer/msbuild/2003">
  <ItemGroup>
    <Filter Include="소스 파일">
      <UniqueIdentifier>{4FC737F1-C7A5-4376-A066-2A32D752A2FF}</UniqueIdentifier>
      <Extensions>cpp;c;cc;cxx;def;odl;idl;hpj;bat;asm;asmx</Extensions>
    </Filter>
    <Filter Include="헤더 파일">
      <UniqueIdentifier>{93995380-89BD-4b04-88EB-625FBE52EBFB}</UniqueIdentifier>
      <Extensions>h;hh;hpp;hxx;hm;inl;inc;xsd</Extensions>
    </Filter>
    <Filter Include="리소스 파일">
      <UniqueIdentifier>{67DA6AB6-F800-4c08-8B7A-83BB121AAD01}</UniqueIdentifier>
      <Extensions>rc;ico;cur;bmp;dlg;rc2;rct;bin;rgs;gif;jpg;jpeg;jpe;resx;tiff;tif;png;wav;mfcribbon-ms</Extensions>
    </Filter>
    <Filter Include="소스 파일\다이나믹 프로그래밍">
      <UniqueIdentifier>{4de38827-5fa0-48b4-87c0-54de0f3e5d34}</UniqueIdentifier>
    </Filter>
    <Filter Include="소스 파일\문자열">
      <UniqueIdentifier>{d04bdf7e-8241-4641-951c-bd647d6f3b6c}</UniqueIdentifier>
    </Filter>
    <Filter Include="소스 파일\그래프">
      <UniqueIdentifier>{c71f1361-8d0c-48a6-bd21-01703c22c4c5}</UniqueIdentifier>
    </Filter>
    <Filter Include="소스 파일\분할 정복">
      <UniqueIdentifier>{e39d578a-d9da-4381-897e-54c4830f3957}</UniqueIdentifier>
    </Filter>
    <Filter Include="소스 파일\브루트 포스">
      <UniqueIdentifier>{a99c7fa1-dc28-4e98-b058-d229eb3e80b9}</UniqueIdentifier>
    </Filter>
    <Filter Include="소스 파일\이분 탐색">
      <UniqueIdentifier>{845e41ac-5747-43ee-9c7f-d1648797ff5f}</UniqueIdentifier>
    </Filter>
    <Filter Include="소스 파일\Disjoint-Set">
      <UniqueIdentifier>{76d4971f-c453-433f-baef-033044e7a842}</UniqueIdentifier>
    </Filter>
  </ItemGroup>
  <ItemGroup>
    <ClCompile Include="%28미%29candygame.cpp">
      <Filter>소스 파일</Filter>
    </ClCompile>
    <ClCompile Include="%28미%2910166 관중석.cpp">
      <Filter>소스 파일</Filter>
    </ClCompile>
    <ClCompile Include="%28미%2910800 컬러볼.cpp">
      <Filter>소스 파일</Filter>
    </ClCompile>
    <ClCompile Include="2163 초콜릿 자르기.cpp">
      <Filter>소스 파일\다이나믹 프로그래밍</Filter>
    </ClCompile>
    <ClCompile Include="1912 연속합.cpp">
      <Filter>소스 파일\다이나믹 프로그래밍</Filter>
    </ClCompile>
    <ClCompile Include="1932 숫자삼각형.cpp">
      <Filter>소스 파일\다이나믹 프로그래밍</Filter>
    </ClCompile>
    <ClCompile Include="2579 계단 오르기.cpp">
      <Filter>소스 파일\다이나믹 프로그래밍</Filter>
    </ClCompile>
    <ClCompile Include="%28답%291106 호텔.cpp">
      <Filter>소스 파일\다이나믹 프로그래밍</Filter>
    </ClCompile>
    <ClCompile Include="%28미%2914583 이음줄.cpp">
      <Filter>소스 파일</Filter>
    </ClCompile>
    <ClCompile Include="7575 바이러스.cpp">
      <Filter>소스 파일\문자열</Filter>
    </ClCompile>
    <ClCompile Include="11052 붕어빵 판매하기.cpp">
      <Filter>소스 파일\다이나믹 프로그래밍</Filter>
    </ClCompile>
    <ClCompile Include="1463 1로 만들기.cpp">
      <Filter>소스 파일\다이나믹 프로그래밍</Filter>
    </ClCompile>
    <ClCompile Include="2531 회전초밥.cpp">
      <Filter>소스 파일</Filter>
    </ClCompile>
    <ClCompile Include="7578 공장.cpp">
      <Filter>소스 파일</Filter>
    </ClCompile>
    <ClCompile Include="10159 저울.cpp">
      <Filter>소스 파일\그래프</Filter>
    </ClCompile>
    <ClCompile Include="1753 최단 경로.cpp">
      <Filter>소스 파일\그래프</Filter>
    </ClCompile>
    <ClCompile Include="1012 배추.cpp">
      <Filter>소스 파일\그래프</Filter>
    </ClCompile>
    <ClCompile Include="2468 안전 영역.cpp">
      <Filter>소스 파일\그래프</Filter>
    </ClCompile>
    <ClCompile Include="1010 다리 놓기.cpp">
      <Filter>소스 파일\다이나믹 프로그래밍</Filter>
    </ClCompile>
    <ClCompile Include="11507 카드셋트.cpp">
      <Filter>소스 파일</Filter>
    </ClCompile>
    <ClCompile Include="1735 분수 합.cpp">
      <Filter>소스 파일</Filter>
    </ClCompile>
    <ClCompile Include="14488 준오는 급식충이야!!.cpp">
      <Filter>소스 파일</Filter>
    </ClCompile>
    <ClCompile Include="1261 알고스팟.cpp">
      <Filter>소스 파일\그래프</Filter>
    </ClCompile>
    <ClCompile Include="2464 비밀번호.cpp">
      <Filter>소스 파일</Filter>
    </ClCompile>
    <ClCompile Include="2481 해밍 경로.cpp">
      <Filter>소스 파일\그래프</Filter>
    </ClCompile>
    <ClCompile Include="14727 퍼즐 자르기.cpp">
      <Filter>소스 파일\분할 정복</Filter>
    </ClCompile>
    <ClCompile Include="Highway Track.cpp">
      <Filter>소스 파일</Filter>
    </ClCompile>
    <ClCompile Include="11054 가장 긴 바이토닉 부분 수열.cpp">
      <Filter>소스 파일\다이나믹 프로그래밍</Filter>
    </ClCompile>
    <ClCompile Include="9663 N-Queen.cpp">
      <Filter>소스 파일\브루트 포스</Filter>
    </ClCompile>
    <ClCompile Include="1799 비숍.cpp">
      <Filter>소스 파일\브루트 포스</Filter>
    </ClCompile>
    <ClCompile Include="1987 알파벳.cpp">
      <Filter>소스 파일\브루트 포스</Filter>
    </ClCompile>
    <ClCompile Include="2580 스도쿠.cpp">
      <Filter>소스 파일\브루트 포스</Filter>
    </ClCompile>
    <ClCompile Include="1213 펠린드롬 만들기.cpp">
      <Filter>소스 파일\브루트 포스</Filter>
    </ClCompile>
    <ClCompile Include="1018 체스판 다시 칠하기.cpp">
      <Filter>소스 파일\브루트 포스</Filter>
    </ClCompile>
    <ClCompile Include="2293 동전 1.cpp">
      <Filter>소스 파일\다이나믹 프로그래밍</Filter>
    </ClCompile>
    <ClCompile Include="2294 동전 2.cpp">
      <Filter>소스 파일\다이나믹 프로그래밍</Filter>
    </ClCompile>
    <ClCompile Include="9095 1,2,3 더하기.cpp">
      <Filter>소스 파일\다이나믹 프로그래밍</Filter>
    </ClCompile>
    <ClCompile Include="11060 점프 점프.cpp">
      <Filter>소스 파일\다이나믹 프로그래밍</Filter>
    </ClCompile>
    <ClCompile Include="11057 오르막 수.cpp">
      <Filter>소스 파일\다이나믹 프로그래밍</Filter>
    </ClCompile>
    <ClCompile Include="10844 쉬운 계단 수.cpp">
      <Filter>소스 파일\다이나믹 프로그래밍</Filter>
    </ClCompile>
    <ClCompile Include="1328 고층 빌딩.cpp">
      <Filter>소스 파일\다이나믹 프로그래밍</Filter>
    </ClCompile>
    <ClCompile Include="1748 수 이어 쓰기 1.cpp">
      <Filter>소스 파일\다이나믹 프로그래밍</Filter>
    </ClCompile>
    <ClCompile Include="1450 냅색문제.cpp">
      <Filter>소스 파일\브루트 포스</Filter>
    </ClCompile>
    <ClCompile Include="2167 2차원 배열의 합.cpp">
      <Filter>소스 파일\다이나믹 프로그래밍</Filter>
    </ClCompile>
    <ClCompile Include="1107 리모컨.cpp">
      <Filter>소스 파일\브루트 포스</Filter>
    </ClCompile>
    <ClCompile Include="1967 트리의 지름.cpp">
      <Filter>소스 파일\그래프</Filter>
    </ClCompile>
    <ClCompile Include="1068 트리.cpp">
      <Filter>소스 파일\그래프</Filter>
    </ClCompile>
    <ClCompile Include="10403 Intrepid climber.cpp">
      <Filter>소스 파일\그래프</Filter>
    </ClCompile>
    <ClCompile Include="2233 사과나무.cpp">
      <Filter>소스 파일\그래프</Filter>
    </ClCompile>
    <ClCompile Include="4195 친구 네트워크.cpp">
      <Filter>소스 파일\Disjoint-Set</Filter>
    </ClCompile>
    <ClCompile Include="2887 행성 터널.cpp">
      <Filter>소스 파일\Disjoint-Set</Filter>
    </ClCompile>
    <ClCompile Include="1300 K번째 수.cpp">
      <Filter>소스 파일\이분 탐색</Filter>
    </ClCompile>
    <ClCompile Include="%28미%29 2655 가장높은탑쌓기.cpp">
      <Filter>소스 파일\다이나믹 프로그래밍</Filter>
    </ClCompile>
    <ClCompile Include="7572 간지.cpp">
      <Filter>소스 파일</Filter>
    </ClCompile>
    <ClCompile Include="1005 ACM Craft.cpp">
      <Filter>소스 파일\그래프</Filter>
    </ClCompile>
    <ClCompile Include="3079 입국심사.cpp">
      <Filter>소스 파일\이분 탐색</Filter>
    </ClCompile>
    <ClCompile Include="1451 직사각형으로 나누기.cpp">
      <Filter>소스 파일</Filter>
    </ClCompile>
    <ClCompile Include="14863 서울에서 경산까지.cpp">
      <Filter>소스 파일\다이나믹 프로그래밍</Filter>
    </ClCompile>
    <ClCompile Include="14867 물통.cpp">
      <Filter>소스 파일</Filter>
    </ClCompile>
    <ClCompile Include="14864 줄서기.cpp">
      <Filter>소스 파일</Filter>
    </ClCompile>
    <ClCompile Include="14868 문명.cpp">
      <Filter>소스 파일\Disjoint-Set</Filter>
    </ClCompile>
    <ClCompile Include="2042 구간 합 구하기.cpp">
      <Filter>소스 파일</Filter>
    </ClCompile>
    <ClCompile Include="10999 구간 합 구하기 2.cpp">
      <Filter>소스 파일</Filter>
    </ClCompile>
    <ClCompile Include="15916 가희는 그래플러야!!.cpp">
      <Filter>소스 파일</Filter>
    </ClCompile>
    <ClCompile Include="15918 랭퍼든 수열쟁이야!!.cpp">
      <Filter>소스 파일</Filter>
    </ClCompile>
    <ClCompile Include="15919 사자는 여행왕이야!!.cpp">
      <Filter>소스 파일</Filter>
    </ClCompile>
    <ClCompile Include="standard.cpp">
      <Filter>소스 파일</Filter>
    </ClCompile>
    <ClCompile Include="14953 Game Map.cpp">
      <Filter>소스 파일</Filter>
    </ClCompile>
    <ClCompile Include="%28미%29 11585 속타는 저녁 메뉴.cpp">
      <Filter>소스 파일</Filter>
    </ClCompile>
    <ClCompile Include="3037 혼란.cpp">
      <Filter>소스 파일\다이나믹 프로그래밍</Filter>
    </ClCompile>
    <ClCompile Include="13144 List of Unique Numbers.cpp">
      <Filter>소스 파일</Filter>
    </ClCompile>
    <ClCompile Include="14736 Coke Challenge.cpp">
      <Filter>소스 파일</Filter>
    </ClCompile>
    <ClCompile Include="14503 로봇 청소기.cpp">
      <Filter>소스 파일</Filter>
    </ClCompile>
    <ClCompile Include="KOI 2018 XCorr.cpp">
      <Filter>소스 파일</Filter>
    </ClCompile>
    <ClCompile Include="소스.cpp">
      <Filter>소스 파일</Filter>
    </ClCompile>
    <ClCompile Include="KOI 2018 arrow.cpp">
      <Filter>소스 파일</Filter>
    </ClCompile>
    <ClCompile Include="11053 가장 긴 증가하는 부분 수열.cpp">
      <Filter>소스 파일\다이나믹 프로그래밍</Filter>
    </ClCompile>
    <ClCompile Include="KOI 2018 matrix%2829점%29.cpp">
      <Filter>소스 파일</Filter>
    </ClCompile>
    <ClCompile Include="9009 피보나치.cpp">
      <Filter>소스 파일\브루트 포스</Filter>
    </ClCompile>
    <ClCompile Include="9011 순서.cpp">
      <Filter>소스 파일</Filter>
    </ClCompile>
    <ClCompile Include="퇴사.cpp">
      <Filter>소스 파일\브루트 포스</Filter>
    </ClCompile>
    <ClCompile Include="2839 설탕배달.cpp">
      <Filter>소스 파일</Filter>
    </ClCompile>
    <ClCompile Include="1316 그룹 단어 체커.cpp">
      <Filter>소스 파일</Filter>
    </ClCompile>
  </ItemGroup>
  <ItemGroup>
    <Text Include="input.txt">
      <Filter>리소스 파일</Filter>
    </Text>
    <Text Include="..\..\..\..\..\Downloads\input2.4.txt">
      <Filter>리소스 파일</Filter>
    </Text>
  </ItemGroup>
</Project>